{
    "name": "@themesberg/pixel-lite-bootstrap-ui-kit",
    "version": "4.1.0",
    "lockfileVersion": 3,
    "requires": true,
    "packages": {
        "": {
            "name": "@themesberg/pixel-lite-bootstrap-ui-kit",
            "version": "4.1.0",
            "license": "MIT License",
            "dependencies": {
                "@fortawesome/fontawesome-free": "5.11.2",
                "@popperjs/core": "^2.6.0",
                "bootstrap": "5.0.1",
                "headroom.js": "0.10.3",
                "jarallax": "1.12.0",
                "onscreen": "1.3.4",
                "smooth-scroll": "^16.1.0",
                "vanillajs-datepicker": "^1.0.3",
                "vivus": "^0.4.5",
                "waypoints": "4.0.1"
            }
        },
        "node_modules/@fortawesome/fontawesome-free": {
            "version": "5.11.2",
            "resolved": "https://registry.npmjs.org/@fortawesome/fontawesome-free/-/fontawesome-free-5.11.2.tgz",
            "integrity": "sha512-XiUPoS79r1G7PcpnNtq85TJ7inJWe0v+b5oZJZKb0pGHNIV6+UiNeQWiFGmuQ0aj7GEhnD/v9iqxIsjuRKtEnQ==",
            "engines": {
                "node": ">=6"
            }
        },
        "node_modules/@popperjs/core": {
            "version": "2.11.8",
            "resolved": "https://registry.npmjs.org/@popperjs/core/-/core-2.11.8.tgz",
            "integrity": "sha512-P1st0aksCrn9sGZhp8GMYwBnQsbvAWsZAX44oXNNvLHGqAOcoVxmjZiohstwQ7SqKnbR47akdNi+uleWD8+g6A==",
            "funding": {
                "type": "opencollective",
                "url": "https://opencollective.com/popperjs"
            }
        },
        "node_modules/bootstrap": {
            "version": "5.0.1",
            "resolved": "https://registry.npmjs.org/bootstrap/-/bootstrap-5.0.1.tgz",
            "integrity": "sha512-Fl79+wsLOZKoiU345KeEaWD0ik8WKRI5zm0YSPj2oF1Qr+BO7z0fco6GbUtqjoG1h4VI89PeKJnMsMMVQdKKTw==",
            "funding": {
                "type": "opencollective",
                "url": "https://opencollective.com/bootstrap"
            },
            "peerDependencies": {
                "@popperjs/core": "^2.9.2"
            }
        },
        "node_modules/dom-walk": {
            "version": "0.1.2",
            "resolved": "https://registry.npmjs.org/dom-walk/-/dom-walk-0.1.2.tgz",
            "integrity": "sha512-6QvTW9mrGeIegrFXdtQi9pk7O/nSK6lSdXW2eqUspN5LWD7UTji2Fqw5V2YLjBpHEoU9Xl/eUWNpDeZvoyOv2w=="
        },
        "node_modules/global": {
            "version": "4.4.0",
            "resolved": "https://registry.npmjs.org/global/-/global-4.4.0.tgz",
            "integrity": "sha512-wv/LAoHdRE3BeTGz53FAamhGlPLhlssK45usmGFThIi4XqnBmjKQ16u+RNbP7WvigRZDxUsM0J3gcQ5yicaL0w==",
            "dependencies": {
                "min-document": "^2.19.0",
                "process": "^0.11.10"
            }
        },
        "node_modules/headroom.js": {
            "version": "0.10.3",
            "resolved": "https://registry.npmjs.org/headroom.js/-/headroom.js-0.10.3.tgz",
            "integrity": "sha512-gMLqEtViTt4GI2G2+XnqRr9OIxxrgKmywHuCY2XtjKnQc2UcdDKbocvkL7Ohi1K5v3sU7BZmzqbQakAjDG/WZQ=="
        },
        "node_modules/jarallax": {
            "version": "1.12.0",
            "resolved": "https://registry.npmjs.org/jarallax/-/jarallax-1.12.0.tgz",
            "integrity": "sha512-ct22wQAZHN/zv/PjZpldDNhqlcr1vP7p3xjyI4c56tobxH3xODLu7FdfNFPyN5KqzSL9vH15SoNT2YDcsnzKvQ==",
            "dependencies": {
                "global": "^4.4.0",
                "lite-ready": "^1.0.4",
                "rafl": "^1.2.2",
                "video-worker": "^1.1.6"
            }
        },
        "node_modules/lite-ready": {
            "version": "1.0.4",
            "resolved": "https://registry.npmjs.org/lite-ready/-/lite-ready-1.0.4.tgz",
            "integrity": "sha512-sDyArpATI1y+AnwcIulmgWhkhhCL8Oy8fZr9fJG+mJmDgRIeDnUGNUkzekWOxWUIHXUSOCr4bTjK1YRPhqy7ng=="
        },
        "node_modules/min-document": {
            "version": "2.19.0",
            "resolved": "https://registry.npmjs.org/min-document/-/min-document-2.19.0.tgz",
            "integrity": "sha512-9Wy1B3m3f66bPPmU5hdA4DR4PB2OfDU/+GS3yAB7IQozE3tqXaVv2zOjgla7MEGSRv95+ILmOuvhLkOK6wJtCQ==",
            "dependencies": {
                "dom-walk": "^0.1.0"
            }
        },
        "node_modules/onscreen": {
            "version": "1.3.4",
            "resolved": "https://registry.npmjs.org/onscreen/-/onscreen-1.3.4.tgz",
            "integrity": "sha512-rtyO4Z5WagTtA31ywUUQrUN/lQ2OR/FqzDqw3S/2aWE9chCiuV0bfYychu+UqYRdI0sah5TJMMCtIMxPagONQg==",
            "deprecated": "Package no longer supported. Contact Support at https://www.npmjs.com/support for more info."
        },
        "node_modules/process": {
            "version": "0.11.10",
            "resolved": "https://registry.npmjs.org/process/-/process-0.11.10.tgz",
            "integrity": "sha512-cdGef/drWFoydD1JsMzuFf8100nZl+GT+yacc2bEced5f9Rjk4z+WtFUTBu9PhOi9j/jfmBPu0mMEY4wIdAF8A==",
            "engines": {
                "node": ">= 0.6.0"
            }
        },
        "node_modules/rafl": {
            "version": "1.2.2",
            "resolved": "https://registry.npmjs.org/rafl/-/rafl-1.2.2.tgz",
            "integrity": "sha512-07d7yVpYE23jwMnJDrU5j/Ra2HzDUgyioKpdwzNVpfK0XN66zbjvny7EjiB/MFzPWk7tyq140mnXufpow4I42A==",
            "dependencies": {
                "global": "~4.3.0"
            }
        },
        "node_modules/rafl/node_modules/global": {
            "version": "4.3.2",
            "resolved": "https://registry.npmjs.org/global/-/global-4.3.2.tgz",
            "integrity": "sha512-/4AybdwIDU4HkCUbJkZdWpe4P6vuw/CUtu+0I1YlLIPe7OlUO7KNJ+q/rO70CW2/NW6Jc6I62++Hzsf5Alu6rQ==",
            "dependencies": {
                "min-document": "^2.19.0",
                "process": "~0.5.1"
            }
        },
        "node_modules/rafl/node_modules/process": {
            "version": "0.5.2",
            "resolved": "https://registry.npmjs.org/process/-/process-0.5.2.tgz",
            "integrity": "sha512-oNpcutj+nYX2FjdEW7PGltWhXulAnFlM0My/k48L90hARCOJtvBbQXc/6itV2jDvU5xAAtonP+r6wmQgCcbAUA==",
            "engines": {
                "node": ">= 0.6.0"
            }
        },
        "node_modules/smooth-scroll": {
            "version": "16.1.3",
            "resolved": "https://registry.npmjs.org/smooth-scroll/-/smooth-scroll-16.1.3.tgz",
            "integrity": "sha512-ca9U+neJS/cbdScTBuUTCZvUWNF2EuMCk7oAx3ImdeRK5FPm+xRo9XsVHIkeEVkn7MBRx+ufVEhyveM4ZhaTGA=="
        },
        "node_modules/vanillajs-datepicker": {
            "version": "1.3.4",
            "resolved": "https://registry.npmjs.org/vanillajs-datepicker/-/vanillajs-datepicker-1.3.4.tgz",
            "integrity": "sha512-waOyp2Ay+K1VA/B5cNlFgSNzFR9efCVKaoyMyNEAhAwmKLzMB9nCJs6Vqmo6HuHWA98VEHXbgz5thZ7hH/uohA=="
        },
        "node_modules/video-worker": {
            "version": "1.1.17",
            "resolved": "https://registry.npmjs.org/video-worker/-/video-worker-1.1.17.tgz",
            "integrity": "sha512-36w0bumK2BYuFgYEXM1vD99qYEz5fkZEaPX3bSSJC6y0eoDGAApAq+ZN4gVd5ikZzHvQo+1YbepwzpLCGSZYuQ==",
            "dependencies": {
                "global": "^4.4.0"
            }
        },
        "node_modules/vivus": {
            "version": "0.4.6",
            "resolved": "https://registry.npmjs.org/vivus/-/vivus-0.4.6.tgz",
            "integrity": "sha512-q6cDPTGqw/bq9sKF2h2T6GJ9PlwAFncHq7MdaK95WTSyd/7gz//UHTZbJ3B+r8f7AhcISPTC3sv9+u65BmmFbw=="
        },
        "node_modules/waypoints": {
            "version": "4.0.1",
            "resolved": "https://registry.npmjs.org/waypoints/-/waypoints-4.0.1.tgz",
            "integrity": "sha512-PbydbsTvCFYoE1DaRAKBM4xPQi+7ULcULZ7vK79NLM55da5g46oyY62Xv9X5Z9F7O/qXmcS/XJ7Ae2pYij4bpw=="
        }
    }
}
